// !$*UTF8*$!
{
	archiveVersion = 1;
	classes = {
	};
	objectVersion = 50;
	objects = {

/* Begin PBXBuildFile section */
		B68AE4CB24BB3C7C00262794 /* main.m in Sources */ = {isa = PBXBuildFile; fileRef = B68AE4CA24BB3C7C00262794 /* main.m */; };
		B68AE4D324BB3ED500262794 /* ScanManager.m in Sources */ = {isa = PBXBuildFile; fileRef = B68AE4D224BB3ED500262794 /* ScanManager.m */; };
		B6CDA23024BD5C8D00BE30A6 /* XcodeBuildUtil.m in Sources */ = {isa = PBXBuildFile; fileRef = B6CDA22F24BD5C8D00BE30A6 /* XcodeBuildUtil.m */; };
		B6CDA23324BD5E0400BE30A6 /* TaskPipe.m in Sources */ = {isa = PBXBuildFile; fileRef = B6CDA23224BD5E0400BE30A6 /* TaskPipe.m */; };
/* End PBXBuildFile section */

/* Begin PBXCopyFilesBuildPhase section */
		B68AE4C524BB3C7B00262794 /* CopyFiles */ = {
			isa = PBXCopyFilesBuildPhase;
			buildActionMask = 2147483647;
			dstPath = /usr/share/man/man1/;
			dstSubfolderSpec = 0;
			files = (
			);
			runOnlyForDeploymentPostprocessing = 1;
		};
/* End PBXCopyFilesBuildPhase section */

/* Begin PBXFileReference section */
		B68AE4C724BB3C7B00262794 /* Deprecated_API_Scan */ = {isa = PBXFileReference; explicitFileType = "compiled.mach-o.executable"; includeInIndex = 0; path = Deprecated_API_Scan; sourceTree = BUILT_PRODUCTS_DIR; };
		B68AE4CA24BB3C7C00262794 /* main.m */ = {isa = PBXFileReference; lastKnownFileType = sourcecode.c.objc; path = main.m; sourceTree = "<group>"; };
		B68AE4D124BB3ED500262794 /* ScanManager.h */ = {isa = PBXFileReference; lastKnownFileType = sourcecode.c.h; path = ScanManager.h; sourceTree = "<group>"; };
		B68AE4D224BB3ED500262794 /* ScanManager.m */ = {isa = PBXFileReference; lastKnownFileType = sourcecode.c.objc; path = ScanManager.m; sourceTree = "<group>"; };
		B6CDA22E24BD5C8D00BE30A6 /* XcodeBuildUtil.h */ = {isa = PBXFileReference; lastKnownFileType = sourcecode.c.h; path = XcodeBuildUtil.h; sourceTree = "<group>"; };
		B6CDA22F24BD5C8D00BE30A6 /* XcodeBuildUtil.m */ = {isa = PBXFileReference; lastKnownFileType = sourcecode.c.objc; path = XcodeBuildUtil.m; sourceTree = "<group>"; };
		B6CDA23124BD5E0400BE30A6 /* TaskPipe.h */ = {isa = PBXFileReference; lastKnownFileType = sourcecode.c.h; path = TaskPipe.h; sourceTree = "<group>"; };
		B6CDA23224BD5E0400BE30A6 /* TaskPipe.m */ = {isa = PBXFileReference; lastKnownFileType = sourcecode.c.objc; path = TaskPipe.m; sourceTree = "<group>"; };
/* End PBXFileReference section */

/* Begin PBXFrameworksBuildPhase section */
		B68AE4C424BB3C7B00262794 /* Frameworks */ = {
			isa = PBXFrameworksBuildPhase;
			buildActionMask = 2147483647;
			files = (
			);
			runOnlyForDeploymentPostprocessing = 0;
		};
/* End PBXFrameworksBuildPhase section */

/* Begin PBXGroup section */
		B68AE4BE24BB3C7B00262794 = {
			isa = PBXGroup;
			children = (
				B68AE4C924BB3C7B00262794 /* Deprecated_API_Scan */,
				B68AE4C824BB3C7B00262794 /* Products */,
			);
			sourceTree = "<group>";
		};
		B68AE4C824BB3C7B00262794 /* Products */ = {
			isa = PBXGroup;
			children = (
				B68AE4C724BB3C7B00262794 /* Deprecated_API_Scan */,
			);
			name = Products;
			sourceTree = "<group>";
		};
		B68AE4C924BB3C7B00262794 /* Deprecated_API_Scan */ = {
			isa = PBXGroup;
			children = (
				B68AE4CA24BB3C7C00262794 /* main.m */,
				B68AE4D124BB3ED500262794 /* ScanManager.h */,
				B68AE4D224BB3ED500262794 /* ScanManager.m */,
				B6CDA22E24BD5C8D00BE30A6 /* XcodeBuildUtil.h */,
				B6CDA22F24BD5C8D00BE30A6 /* XcodeBuildUtil.m */,
				B6CDA23124BD5E0400BE30A6 /* TaskPipe.h */,
				B6CDA23224BD5E0400BE30A6 /* TaskPipe.m */,
			);
			path = Deprecated_API_Scan;
			sourceTree = "<group>";
		};
/* End PBXGroup section */

/* Begin PBXNativeTarget section */
		B68AE4C624BB3C7B00262794 /* Deprecated_API_Scan */ = {
			isa = PBXNativeTarget;
			buildConfigurationList = B68AE4CE24BB3C7C00262794 /* Build configuration list for PBXNativeTarget "Deprecated_API_Scan" */;
			buildPhases = (
				B68AE4C324BB3C7B00262794 /* Sources */,
				B68AE4C424BB3C7B00262794 /* Frameworks */,
				B68AE4C524BB3C7B00262794 /* CopyFiles */,
			);
			buildRules = (
			);
			dependencies = (
			);
			name = Deprecated_API_Scan;
			productName = Deprecated_API_Scan;
			productReference = B68AE4C724BB3C7B00262794 /* Deprecated_API_Scan */;
			productType = "com.apple.product-type.tool";
		};
/* End PBXNativeTarget section */

/* Begin PBXProject section */
		B68AE4BF24BB3C7B00262794 /* Project object */ = {
			isa = PBXProject;
			attributes = {
				LastUpgradeCheck = 1150;
				ORGANIZATIONNAME = "李扬";
				TargetAttributes = {
					B68AE4C624BB3C7B00262794 = {
						CreatedOnToolsVersion = 11.5;
					};
				};
			};
			buildConfigurationList = B68AE4C224BB3C7B00262794 /* Build configuration list for PBXProject "Deprecated_API_Scan" */;
			compatibilityVersion = "Xcode 9.3";
			developmentRegion = en;
			hasScannedForEncodings = 0;
			knownRegions = (
				en,
				Base,
			);
			mainGroup = B68AE4BE24BB3C7B00262794;
			productRefGroup = B68AE4C824BB3C7B00262794 /* Products */;
			projectDirPath = "";
			projectRoot = "";
			targets = (
				B68AE4C624BB3C7B00262794 /* Deprecated_API_Scan */,
			);
		};
/* End PBXProject section */

/* Begin PBXSourcesBuildPhase section */
		B68AE4C324BB3C7B00262794 /* Sources */ = {
			isa = PBXSourcesBuildPhase;
			buildActionMask = 2147483647;
			files = (
				B68AE4D324BB3ED500262794 /* ScanManager.m in Sources */,
				B6CDA23024BD5C8D00BE30A6 /* XcodeBuildUtil.m in Sources */,
				B6CDA23324BD5E0400BE30A6 /* TaskPipe.m in Sources */,
				B68AE4CB24BB3C7C00262794 /* main.m in Sources */,
			);
			runOnlyForDeploymentPostprocessing = 0;
		};
/* End PBXSourcesBuildPhase section */

/* Begin XCBuildConfiguration section */
		B68AE4CC24BB3C7C00262794 /* Debug */ = {
			isa = XCBuildConfiguration;
			buildSettings = {
				ALWAYS_SEARCH_USER_PATHS = NO;
				CLANG_ANALYZER_NONNULL = YES;
				CLANG_ANALYZER_NUMBER_OBJECT_CONVERSION = YES_AGGRESSIVE;
				CLANG_CXX_LANGUAGE_STANDARD = "gnu++14";
				CLANG_CXX_LIBRARY = "libc++";
				CLANG_ENABLE_MODULES = YES;
				CLANG_ENABLE_OBJC_ARC = YES;
				CLANG_ENABLE_OBJC_WEAK = YES;
				CLANG_WARN_BLOCK_CAPTURE_AUTORELEASING = YES;
				CLANG_WARN_BOOL_CONVERSION = YES;
				CLANG_WARN_COMMA = YES;
				CLANG_WARN_CONSTANT_CONVERSION = YES;
				CLANG_WARN_DEPRECATED_OBJC_IMPLEMENTATIONS = YES;
				CLANG_WARN_DIRECT_OBJC_ISA_USAGE = YES_ERROR;
				CLANG_WARN_DOCUMENTATION_COMMENTS = YES;
				CLANG_WARN_EMPTY_BODY = YES;
				CLANG_WARN_ENUM_CONVERSION = YES;
				CLANG_WARN_INFINITE_RECURSION = YES;
				CLANG_WARN_INT_CONVERSION = YES;
				CLANG_WARN_NON_LITERAL_NULL_CONVERSION = YES;
				CLANG_WARN_OBJC_IMPLICIT_RETAIN_SELF = YES;
				CLANG_WARN_OBJC_LITERAL_CONVERSION = YES;
				CLANG_WARN_OBJC_ROOT_CLASS = YES_ERROR;
				CLANG_WARN_RANGE_LOOP_ANALYSIS = YES;
				CLANG_WARN_STRICT_PROTOTYPES = YES;
				CLANG_WARN_SUSPICIOUS_MOVE = YES;
				CLANG_WARN_UNGUARDED_AVAILABILITY = YES_AGGRESSIVE;
				CLANG_WARN_UNREACHABLE_CODE = YES;
				CLANG_WARN__DUPLICATE_METHOD_MATCH = YES;
				COPY_PHASE_STRIP = NO;
				DEBUG_INFORMATION_FORMAT = dwarf;
				ENABLE_STRICT_OBJC_MSGSEND = YES;
				ENABLE_TESTABILITY = YES;
				GCC_C_LANGUAGE_STANDARD = gnu11;
				GCC_DYNAMIC_NO_PIC = NO;
				GCC_NO_COMMON_BLOCKS = YES;
				GCC_OPTIMIZATION_LEVEL = 0;
				GCC_PREPROCESSOR_DEFINITIONS = (
					"DEBUG=1",
					"$(inherited)",
				);
				GCC_WARN_64_TO_32_BIT_CONVERSION = YES;
				GCC_WARN_ABOUT_RETURN_TYPE = YES_ERROR;
				GCC_WARN_UNDECLARED_SELECTOR = YES;
				GCC_WARN_UNINITIALIZED_AUTOS = YES_AGGRESSIVE;
				GCC_WARN_UNUSED_FUNCTION = YES;
				GCC_WARN_UNUSED_VARIABLE = YES;
				MACOSX_DEPLOYMENT_TARGET = 10.15;
				MTL_ENABLE_DEBUG_INFO = INCLUDE_SOURCE;
				MTL_FAST_MATH = YES;
				ONLY_ACTIVE_ARCH = YES;
				SDKROOT = macosx;
			};
			name = Debug;
		};
		B68AE4CD24BB3C7C00262794 /* Release */ = {
			isa = XCBuildConfiguration;
			buildSettings = {
				ALWAYS_SEARCH_USER_PATHS = NO;
				CLANG_ANALYZER_NONNULL = YES;
				CLANG_ANALYZER_NUMBER_OBJECT_CONVERSION = YES_AGGRESSIVE;
				CLANG_CXX_LANGUAGE_STANDARD = "gnu++14";
				CLANG_CXX_LIBRARY = "libc++";
				CLANG_ENABLE_MODULES = YES;
				CLANG_ENABLE_OBJC_ARC = YES;
				CLANG_ENABLE_OBJC_WEAK = YES;
				CLANG_WARN_BLOCK_CAPTURE_AUTORELEASING = YES;
				CLANG_WARN_BOOL_CONVERSION = YES;
				CLANG_WARN_COMMA = YES;
				CLANG_WARN_CONSTANT_CONVERSION = YES;
				CLANG_WARN_DEPRECATED_OBJC_IMPLEMENTATIONS = YES;
				CLANG_WARN_DIRECT_OBJC_ISA_USAGE = YES_ERROR;
				CLANG_WARN_DOCUMENTATION_COMMENTS = YES;
				CLANG_WARN_EMPTY_BODY = YES;
				CLANG_WARN_ENUM_CONVERSION = YES;
				CLANG_WARN_INFINITE_RECURSION = YES;
				CLANG_WARN_INT_CONVERSION = YES;
				CLANG_WARN_NON_LITERAL_NULL_CONVERSION = YES;
				CLANG_WARN_OBJC_IMPLICIT_RETAIN_SELF = YES;
				CLANG_WARN_OBJC_LITERAL_CONVERSION = YES;
				CLANG_WARN_OBJC_ROOT_CLASS = YES_ERROR;
				CLANG_WARN_RANGE_LOOP_ANALYSIS = YES;
				CLANG_WARN_STRICT_PROTOTYPES = YES;
				CLANG_WARN_SUSPICIOUS_MOVE = YES;
				CLANG_WARN_UNGUARDED_AVAILABILITY = YES_AGGRESSIVE;
				CLANG_WARN_UNREACHABLE_CODE = YES;
				CLANG_WARN__DUPLICATE_METHOD_MATCH = YES;
				COPY_PHASE_STRIP = NO;
				DEBUG_INFORMATION_FORMAT = "dwarf-with-dsym";
				ENABLE_NS_ASSERTIONS = NO;
				ENABLE_STRICT_OBJC_MSGSEND = YES;
				GCC_C_LANGUAGE_STANDARD = gnu11;
				GCC_NO_COMMON_BLOCKS = YES;
				GCC_WARN_64_TO_32_BIT_CONVERSION = YES;
				GCC_WARN_ABOUT_RETURN_TYPE = YES_ERROR;
				GCC_WARN_UNDECLARED_SELECTOR = YES;
				GCC_WARN_UNINITIALIZED_AUTOS = YES_AGGRESSIVE;
				GCC_WARN_UNUSED_FUNCTION = YES;
				GCC_WARN_UNUSED_VARIABLE = YES;
				MACOSX_DEPLOYMENT_TARGET = 10.15;
				MTL_ENABLE_DEBUG_INFO = NO;
				MTL_FAST_MATH = YES;
				SDKROOT = macosx;
			};
			name = Release;
		};
		B68AE4CF24BB3C7C00262794 /* Debug */ = {
			isa = XCBuildConfiguration;
			buildSettings = {
				CODE_SIGN_STYLE = Automatic;
				MACOSX_DEPLOYMENT_TARGET = 10.15;
				PRODUCT_NAME = "$(TARGET_NAME)";
			};
			name = Debug;
		};
		B68AE4D024BB3C7C00262794 /* Release */ = {
			isa = XCBuildConfiguration;
			buildSettings = {
				CODE_SIGN_STYLE = Automatic;
				MACOSX_DEPLOYMENT_TARGET = 10.15;
				PRODUCT_NAME = "$(TARGET_NAME)";
			};
			name = Release;
		};
/* End XCBuildConfiguration section */

/* Begin XCConfigurationList section */
		B68AE4C224BB3C7B00262794 /* Build configuration list for PBXProject "Deprecated_API_Scan" */ = {
			isa = XCConfigurationList;
			buildConfigurations = (
				B68AE4CC24BB3C7C00262794 /* Debug */,
				B68AE4CD24BB3C7C00262794 /* Release */,
			);
			defaultConfigurationIsVisible = 0;
			defaultConfigurationName = Release;
		};
		B68AE4CE24BB3C7C00262794 /* Build configuration list for PBXNativeTarget "Deprecated_API_Scan" */ = {
			isa = XCConfigurationList;
			buildConfigurations = (
				B68AE4CF24BB3C7C00262794 /* Debug */,
				B68AE4D024BB3C7C00262794 /* Release */,
			);
			defaultConfigurationIsVisible = 0;
			defaultConfigurationName = Release;
		};
/* End XCConfigurationList section */
	};
	rootObject = B68AE4BF24BB3C7B00262794 /* Project object */;
}
